{
  "name": "20231-project-team-14",
  "lockfileVersion": 3,
  "requires": true,
  "packages": {
    "": {
      "dependencies": {
        "gson": "^0.1.5"
      }
    },
    "node_modules/circularjs": {
      "version": "0.1.3",
      "resolved": "https://registry.npmjs.org/circularjs/-/circularjs-0.1.3.tgz",
      "integrity": "sha512-RVp6t82JlYMz6CxtGJVoncK7StrDuAIaihiE3dC4T3gE/Pko3ZGxoDibOctjcJKxAIb4C2avHOFA9mDxCKGbbw==",
      "dependencies": {
        "underscore": "~1.6.0"
      }
    },
    "node_modules/gson": {
      "version": "0.1.5",
      "resolved": "https://registry.npmjs.org/gson/-/gson-0.1.5.tgz",
      "integrity": "sha512-EK+P+vGnmekaPMEg9qC23hTNgRaJ6GfQFS73sYgzvFoVYLMX7dVOUVDbPXRnNtnr99rf6DpOn4wlSbS0puN8AQ==",
      "dependencies": {
        "circularjs": "~0.1.0"
      }
    },
    "node_modules/underscore": {
      "version": "1.6.0",
      "resolved": "https://registry.npmjs.org/underscore/-/underscore-1.6.0.tgz",
      "integrity": "sha512-z4o1fvKUojIWh9XuaVLUDdf86RQiq13AC1dmHbTpoyuu+bquHms76v16CjycCbec87J7z0k//SiQVk0sMdFmpQ=="
    }
  }
}
